
Microsoft Visual Studio Solution File, Format Version 12.00
# Visual Studio Version 17
VisualStudioVersion = 17.13.35931.197 d17.13
MinimumVisualStudioVersion = 10.0.40219.1
Project("{FAE04EC0-301F-11D3-BF4B-00C04F79EFBC}") = "abx_exchange_test", "abx_exchange_test.csproj", "{01AAF110-6F10-44D6-B210-6EC0909F2C80}"
EndProject
Global
	GlobalSection(SolutionConfigurationPlatforms) = preSolution
		Debug|Any CPU = Debug|Any CPU
		Release|Any CPU = Release|Any CPU
	EndGlobalSection
	GlobalSection(ProjectConfigurationPlatforms) = postSolution
		{01AAF110-6F10-44D6-B210-6EC0909F2C80}.Debug|Any CPU.ActiveCfg = Debug|Any CPU
		{01AAF110-6F10-44D6-B210-6EC0909F2C80}.Debug|Any CPU.Build.0 = Debug|Any CPU
		{01AAF110-6F10-44D6-B210-6EC0909F2C80}.Release|Any CPU.ActiveCfg = Release|Any CPU
		{01AAF110-6F10-44D6-B210-6EC0909F2C80}.Release|Any CPU.Build.0 = Release|Any CPU
	EndGlobalSection
	GlobalSection(SolutionProperties) = preSolution
		HideSolutionNode = FALSE
	EndGlobalSection
	GlobalSection(ExtensibilityGlobals) = postSolution
		SolutionGuid = {0D4F6FCA-068F-4A9F-9E28-43AEBF932127}
	EndGlobalSection
EndGlobal
